{
  "requires": true,
  "lockfileVersion": 1,
  "dependencies": {
    "glsl-inverse": {
      "version": "1.0.0",
      "resolved": "https://registry.npmjs.org/glsl-inverse/-/glsl-inverse-1.0.0.tgz",
      "integrity": "sha1-EsCx0GX1WERNHm/q95td34qRiuY="
    },
    "glsl-transpose": {
      "version": "1.0.0",
      "resolved": "https://registry.npmjs.org/glsl-transpose/-/glsl-transpose-1.0.0.tgz",
      "integrity": "sha1-Y6RKJIJur7x4B9fGzR1ZHAGWrpA="
    }
  }
}
